// !$*UTF8*$!
{
	archiveVersion = 1;
	classes = {
	};
	objectVersion = 56;
	objects = {

/* Begin PBXBuildFile section */
		900E46822949F9CD0040983A /* AppDelegate.swift in Sources */ = {isa = PBXBuildFile; fileRef = 900E46812949F9CD0040983A /* AppDelegate.swift */; };
		900E46842949F9CD0040983A /* SceneDelegate.swift in Sources */ = {isa = PBXBuildFile; fileRef = 900E46832949F9CD0040983A /* SceneDelegate.swift */; };
		900E46862949F9CD0040983A /* BankViewController.swift in Sources */ = {isa = PBXBuildFile; fileRef = 900E46852949F9CD0040983A /* BankViewController.swift */; };
		900E468B2949F9CD0040983A /* Assets.xcassets in Resources */ = {isa = PBXBuildFile; fileRef = 900E468A2949F9CD0040983A /* Assets.xcassets */; };
		900E468E2949F9CD0040983A /* LaunchScreen.storyboard in Resources */ = {isa = PBXBuildFile; fileRef = 900E468C2949F9CD0040983A /* LaunchScreen.storyboard */; };
		900E469A294A039A0040983A /* BankTaskTableViewCell.swift in Sources */ = {isa = PBXBuildFile; fileRef = 900E4699294A039A0040983A /* BankTaskTableViewCell.swift */; };
		900E469C294A044E0040983A /* BankRecord.swift in Sources */ = {isa = PBXBuildFile; fileRef = 900E469B294A044E0040983A /* BankRecord.swift */; };
		900E469E294A05A40040983A /* BankCustomView.swift in Sources */ = {isa = PBXBuildFile; fileRef = 900E469D294A05A40040983A /* BankCustomView.swift */; };
		900E46A4294A11260040983A /* ClientQueueGenerator.swift in Sources */ = {isa = PBXBuildFile; fileRef = 900E46A3294A11260040983A /* ClientQueueGenerator.swift */; };
		900E46A6294A11330040983A /* Node.swift in Sources */ = {isa = PBXBuildFile; fileRef = 900E46A5294A11330040983A /* Node.swift */; };
		900E46AA294A117E0040983A /* QueueProtocol.swift in Sources */ = {isa = PBXBuildFile; fileRef = 900E46A9294A117E0040983A /* QueueProtocol.swift */; };
		900E46AC294A11A10040983A /* LinkedList.swift in Sources */ = {isa = PBXBuildFile; fileRef = 900E46AB294A11A10040983A /* LinkedList.swift */; };
		900E46AE294A11AE0040983A /* ClientQueue.swift in Sources */ = {isa = PBXBuildFile; fileRef = 900E46AD294A11AE0040983A /* ClientQueue.swift */; };
		900E46B1294A132F0040983A /* Bank.swift in Sources */ = {isa = PBXBuildFile; fileRef = 900E46B0294A132F0040983A /* Bank.swift */; };
		900E46B3294A13360040983A /* BankManager.swift in Sources */ = {isa = PBXBuildFile; fileRef = 900E46B2294A13360040983A /* BankManager.swift */; };
		900E46B5294A137A0040983A /* Client.swift in Sources */ = {isa = PBXBuildFile; fileRef = 900E46B4294A137A0040983A /* Client.swift */; };
		900E46B7294A13BA0040983A /* Request.swift in Sources */ = {isa = PBXBuildFile; fileRef = 900E46B6294A13BA0040983A /* Request.swift */; };
/* End PBXBuildFile section */

/* Begin PBXFileReference section */
		900E467E2949F9CD0040983A /* BankManagerUIApp.app */ = {isa = PBXFileReference; explicitFileType = wrapper.application; includeInIndex = 0; path = BankManagerUIApp.app; sourceTree = BUILT_PRODUCTS_DIR; };
		900E46812949F9CD0040983A /* AppDelegate.swift */ = {isa = PBXFileReference; lastKnownFileType = sourcecode.swift; path = AppDelegate.swift; sourceTree = "<group>"; };
		900E46832949F9CD0040983A /* SceneDelegate.swift */ = {isa = PBXFileReference; lastKnownFileType = sourcecode.swift; path = SceneDelegate.swift; sourceTree = "<group>"; };
		900E46852949F9CD0040983A /* BankViewController.swift */ = {isa = PBXFileReference; lastKnownFileType = sourcecode.swift; path = BankViewController.swift; sourceTree = "<group>"; };
		900E468A2949F9CD0040983A /* Assets.xcassets */ = {isa = PBXFileReference; lastKnownFileType = folder.assetcatalog; path = Assets.xcassets; sourceTree = "<group>"; };
		900E468D2949F9CD0040983A /* Base */ = {isa = PBXFileReference; lastKnownFileType = file.storyboard; name = Base; path = Base.lproj/LaunchScreen.storyboard; sourceTree = "<group>"; };
		900E468F2949F9CD0040983A /* Info.plist */ = {isa = PBXFileReference; lastKnownFileType = text.plist.xml; path = Info.plist; sourceTree = "<group>"; };
		900E4699294A039A0040983A /* BankTaskTableViewCell.swift */ = {isa = PBXFileReference; lastKnownFileType = sourcecode.swift; path = BankTaskTableViewCell.swift; sourceTree = "<group>"; };
		900E469B294A044E0040983A /* BankRecord.swift */ = {isa = PBXFileReference; lastKnownFileType = sourcecode.swift; path = BankRecord.swift; sourceTree = "<group>"; };
		900E469D294A05A40040983A /* BankCustomView.swift */ = {isa = PBXFileReference; lastKnownFileType = sourcecode.swift; path = BankCustomView.swift; sourceTree = "<group>"; };
		900E46A3294A11260040983A /* ClientQueueGenerator.swift */ = {isa = PBXFileReference; lastKnownFileType = sourcecode.swift; path = ClientQueueGenerator.swift; sourceTree = "<group>"; };
		900E46A5294A11330040983A /* Node.swift */ = {isa = PBXFileReference; lastKnownFileType = sourcecode.swift; path = Node.swift; sourceTree = "<group>"; };
		900E46A9294A117E0040983A /* QueueProtocol.swift */ = {isa = PBXFileReference; lastKnownFileType = sourcecode.swift; path = QueueProtocol.swift; sourceTree = "<group>"; };
		900E46AB294A11A10040983A /* LinkedList.swift */ = {isa = PBXFileReference; lastKnownFileType = sourcecode.swift; path = LinkedList.swift; sourceTree = "<group>"; };
		900E46AD294A11AE0040983A /* ClientQueue.swift */ = {isa = PBXFileReference; lastKnownFileType = sourcecode.swift; path = ClientQueue.swift; sourceTree = "<group>"; };
		900E46B0294A132F0040983A /* Bank.swift */ = {isa = PBXFileReference; lastKnownFileType = sourcecode.swift; path = Bank.swift; sourceTree = "<group>"; };
		900E46B2294A13360040983A /* BankManager.swift */ = {isa = PBXFileReference; lastKnownFileType = sourcecode.swift; path = BankManager.swift; sourceTree = "<group>"; };
		900E46B4294A137A0040983A /* Client.swift */ = {isa = PBXFileReference; lastKnownFileType = sourcecode.swift; path = Client.swift; sourceTree = "<group>"; };
		900E46B6294A13BA0040983A /* Request.swift */ = {isa = PBXFileReference; lastKnownFileType = sourcecode.swift; path = Request.swift; sourceTree = "<group>"; };
/* End PBXFileReference section */

/* Begin PBXFrameworksBuildPhase section */
		900E467B2949F9CD0040983A /* Frameworks */ = {
			isa = PBXFrameworksBuildPhase;
			buildActionMask = 2147483647;
			files = (
			);
			runOnlyForDeploymentPostprocessing = 0;
		};
/* End PBXFrameworksBuildPhase section */

/* Begin PBXGroup section */
		900E46752949F9CD0040983A = {
			isa = PBXGroup;
			children = (
				900E46802949F9CD0040983A /* BankManagerUIApp */,
				900E467F2949F9CD0040983A /* Products */,
			);
			sourceTree = "<group>";
		};
		900E467F2949F9CD0040983A /* Products */ = {
			isa = PBXGroup;
			children = (
				900E467E2949F9CD0040983A /* BankManagerUIApp.app */,
			);
			name = Products;
			sourceTree = "<group>";
		};
		900E46802949F9CD0040983A /* BankManagerUIApp */ = {
			isa = PBXGroup;
			children = (
				900E46962949FAFB0040983A /* Application */,
				900E469F294A0F7A0040983A /* Presentation */,
				900E46A0294A0F9C0040983A /* Domain */,
				900E46B8294A13F30040983A /* Extensions */,
				900E46952949FA7B0040983A /* Resources */,
			);
			path = BankManagerUIApp;
			sourceTree = "<group>";
		};
		900E46952949FA7B0040983A /* Resources */ = {
			isa = PBXGroup;
			children = (
				900E468A2949F9CD0040983A /* Assets.xcassets */,
				900E468C2949F9CD0040983A /* LaunchScreen.storyboard */,
				900E468F2949F9CD0040983A /* Info.plist */,
			);
			path = Resources;
			sourceTree = "<group>";
		};
		900E46962949FAFB0040983A /* Application */ = {
			isa = PBXGroup;
			children = (
				900E46812949F9CD0040983A /* AppDelegate.swift */,
				900E46832949F9CD0040983A /* SceneDelegate.swift */,
			);
			path = Application;
			sourceTree = "<group>";
		};
		900E469F294A0F7A0040983A /* Presentation */ = {
			isa = PBXGroup;
			children = (
				900E46BB294A146D0040983A /* CustomView */,
				900E46852949F9CD0040983A /* BankViewController.swift */,
			);
			path = Presentation;
			sourceTree = "<group>";
		};
		900E46A0294A0F9C0040983A /* Domain */ = {
			isa = PBXGroup;
			children = (
				900E46A1294A10970040983A /* Model */,
			);
			path = Domain;
			sourceTree = "<group>";
		};
		900E46A1294A10970040983A /* Model */ = {
			isa = PBXGroup;
			children = (
				900E46AF294A13250040983A /* Bank */,
				900E46A7294A11380040983A /* Queue */,
				900E46A2294A11110040983A /* Client */,
				900E469B294A044E0040983A /* BankRecord.swift */,
			);
			path = Model;
			sourceTree = "<group>";
		};
		900E46A2294A11110040983A /* Client */ = {
			isa = PBXGroup;
			children = (
				900E46A3294A11260040983A /* ClientQueueGenerator.swift */,
				900E46B4294A137A0040983A /* Client.swift */,
				900E46B6294A13BA0040983A /* Request.swift */,
			);
			path = Client;
			sourceTree = "<group>";
		};
		900E46A7294A11380040983A /* Queue */ = {
			isa = PBXGroup;
			children = (
				900E46A8294A116F0040983A /* Protocol */,
				900E46A5294A11330040983A /* Node.swift */,
				900E46AB294A11A10040983A /* LinkedList.swift */,
				900E46AD294A11AE0040983A /* ClientQueue.swift */,
			);
			path = Queue;
			sourceTree = "<group>";
		};
		900E46A8294A116F0040983A /* Protocol */ = {
			isa = PBXGroup;
			children = (
				900E46A9294A117E0040983A /* QueueProtocol.swift */,
			);
			path = Protocol;
			sourceTree = "<group>";
		};
		900E46AF294A13250040983A /* Bank */ = {
			isa = PBXGroup;
			children = (
				900E46B0294A132F0040983A /* Bank.swift */,
				900E46B2294A13360040983A /* BankManager.swift */,
			);
			path = Bank;
			sourceTree = "<group>";
		};
		900E46B8294A13F30040983A /* Extensions */ = {
			isa = PBXGroup;
			children = (
			);
			path = Extensions;
			sourceTree = "<group>";
		};
		900E46BB294A146D0040983A /* CustomView */ = {
			isa = PBXGroup;
			children = (
				900E4699294A039A0040983A /* BankTaskTableViewCell.swift */,
				900E469D294A05A40040983A /* BankCustomView.swift */,
			);
			path = CustomView;
			sourceTree = "<group>";
		};
/* End PBXGroup section */

/* Begin PBXNativeTarget section */
		900E467D2949F9CD0040983A /* BankManagerUIApp */ = {
			isa = PBXNativeTarget;
			buildConfigurationList = 900E46922949F9CD0040983A /* Build configuration list for PBXNativeTarget "BankManagerUIApp" */;
			buildPhases = (
				900E467A2949F9CD0040983A /* Sources */,
				900E467B2949F9CD0040983A /* Frameworks */,
				900E467C2949F9CD0040983A /* Resources */,
			);
			buildRules = (
			);
			dependencies = (
			);
			name = BankManagerUIApp;
			productName = BankManagerUIApp;
			productReference = 900E467E2949F9CD0040983A /* BankManagerUIApp.app */;
			productType = "com.apple.product-type.application";
		};
/* End PBXNativeTarget section */

/* Begin PBXProject section */
		900E46762949F9CD0040983A /* Project object */ = {
			isa = PBXProject;
			attributes = {
				BuildIndependentTargetsInParallel = 1;
				LastSwiftUpdateCheck = 1410;
				LastUpgradeCheck = 1410;
				TargetAttributes = {
					900E467D2949F9CD0040983A = {
						CreatedOnToolsVersion = 14.1;
					};
				};
			};
			buildConfigurationList = 900E46792949F9CD0040983A /* Build configuration list for PBXProject "BankManagerUIApp" */;
			compatibilityVersion = "Xcode 14.0";
			developmentRegion = en;
			hasScannedForEncodings = 0;
			knownRegions = (
				en,
				Base,
			);
			mainGroup = 900E46752949F9CD0040983A;
			productRefGroup = 900E467F2949F9CD0040983A /* Products */;
			projectDirPath = "";
			projectRoot = "";
			targets = (
				900E467D2949F9CD0040983A /* BankManagerUIApp */,
			);
		};
/* End PBXProject section */

/* Begin PBXResourcesBuildPhase section */
		900E467C2949F9CD0040983A /* Resources */ = {
			isa = PBXResourcesBuildPhase;
			buildActionMask = 2147483647;
			files = (
				900E468E2949F9CD0040983A /* LaunchScreen.storyboard in Resources */,
				900E468B2949F9CD0040983A /* Assets.xcassets in Resources */,
			);
			runOnlyForDeploymentPostprocessing = 0;
		};
/* End PBXResourcesBuildPhase section */

/* Begin PBXSourcesBuildPhase section */
		900E467A2949F9CD0040983A /* Sources */ = {
			isa = PBXSourcesBuildPhase;
			buildActionMask = 2147483647;
			files = (
				900E469C294A044E0040983A /* BankRecord.swift in Sources */,
				900E46AA294A117E0040983A /* QueueProtocol.swift in Sources */,
				900E46AC294A11A10040983A /* LinkedList.swift in Sources */,
				900E46862949F9CD0040983A /* BankViewController.swift in Sources */,
				900E46B3294A13360040983A /* BankManager.swift in Sources */,
				900E46AE294A11AE0040983A /* ClientQueue.swift in Sources */,
				900E46822949F9CD0040983A /* AppDelegate.swift in Sources */,
				900E46B7294A13BA0040983A /* Request.swift in Sources */,
				900E46A6294A11330040983A /* Node.swift in Sources */,
				900E46B5294A137A0040983A /* Client.swift in Sources */,
				900E469E294A05A40040983A /* BankCustomView.swift in Sources */,
				900E46A4294A11260040983A /* ClientQueueGenerator.swift in Sources */,
				900E46B1294A132F0040983A /* Bank.swift in Sources */,
				900E469A294A039A0040983A /* BankTaskTableViewCell.swift in Sources */,
				900E46842949F9CD0040983A /* SceneDelegate.swift in Sources */,
			);
			runOnlyForDeploymentPostprocessing = 0;
		};
/* End PBXSourcesBuildPhase section */

/* Begin PBXVariantGroup section */
		900E468C2949F9CD0040983A /* LaunchScreen.storyboard */ = {
			isa = PBXVariantGroup;
			children = (
				900E468D2949F9CD0040983A /* Base */,
			);
			name = LaunchScreen.storyboard;
			sourceTree = "<group>";
		};
/* End PBXVariantGroup section */

/* Begin XCBuildConfiguration section */
		900E46902949F9CD0040983A /* Debug */ = {
			isa = XCBuildConfiguration;
			buildSettings = {
				ALWAYS_SEARCH_USER_PATHS = NO;
				CLANG_ANALYZER_NONNULL = YES;
				CLANG_ANALYZER_NUMBER_OBJECT_CONVERSION = YES_AGGRESSIVE;
				CLANG_CXX_LANGUAGE_STANDARD = "gnu++20";
				CLANG_ENABLE_MODULES = YES;
				CLANG_ENABLE_OBJC_ARC = YES;
				CLANG_ENABLE_OBJC_WEAK = YES;
				CLANG_WARN_BLOCK_CAPTURE_AUTORELEASING = YES;
				CLANG_WARN_BOOL_CONVERSION = YES;
				CLANG_WARN_COMMA = YES;
				CLANG_WARN_CONSTANT_CONVERSION = YES;
				CLANG_WARN_DEPRECATED_OBJC_IMPLEMENTATIONS = YES;
				CLANG_WARN_DIRECT_OBJC_ISA_USAGE = YES_ERROR;
				CLANG_WARN_DOCUMENTATION_COMMENTS = YES;
				CLANG_WARN_EMPTY_BODY = YES;
				CLANG_WARN_ENUM_CONVERSION = YES;
				CLANG_WARN_INFINITE_RECURSION = YES;
				CLANG_WARN_INT_CONVERSION = YES;
				CLANG_WARN_NON_LITERAL_NULL_CONVERSION = YES;
				CLANG_WARN_OBJC_IMPLICIT_RETAIN_SELF = YES;
				CLANG_WARN_OBJC_LITERAL_CONVERSION = YES;
				CLANG_WARN_OBJC_ROOT_CLASS = YES_ERROR;
				CLANG_WARN_QUOTED_INCLUDE_IN_FRAMEWORK_HEADER = YES;
				CLANG_WARN_RANGE_LOOP_ANALYSIS = YES;
				CLANG_WARN_STRICT_PROTOTYPES = YES;
				CLANG_WARN_SUSPICIOUS_MOVE = YES;
				CLANG_WARN_UNGUARDED_AVAILABILITY = YES_AGGRESSIVE;
				CLANG_WARN_UNREACHABLE_CODE = YES;
				CLANG_WARN__DUPLICATE_METHOD_MATCH = YES;
				COPY_PHASE_STRIP = NO;
				DEBUG_INFORMATION_FORMAT = dwarf;
				ENABLE_STRICT_OBJC_MSGSEND = YES;
				ENABLE_TESTABILITY = YES;
				GCC_C_LANGUAGE_STANDARD = gnu11;
				GCC_DYNAMIC_NO_PIC = NO;
				GCC_NO_COMMON_BLOCKS = YES;
				GCC_OPTIMIZATION_LEVEL = 0;
				GCC_PREPROCESSOR_DEFINITIONS = (
					"DEBUG=1",
					"$(inherited)",
				);
				GCC_WARN_64_TO_32_BIT_CONVERSION = YES;
				GCC_WARN_ABOUT_RETURN_TYPE = YES_ERROR;
				GCC_WARN_UNDECLARED_SELECTOR = YES;
				GCC_WARN_UNINITIALIZED_AUTOS = YES_AGGRESSIVE;
				GCC_WARN_UNUSED_FUNCTION = YES;
				GCC_WARN_UNUSED_VARIABLE = YES;
				IPHONEOS_DEPLOYMENT_TARGET = 16.1;
				MTL_ENABLE_DEBUG_INFO = INCLUDE_SOURCE;
				MTL_FAST_MATH = YES;
				ONLY_ACTIVE_ARCH = YES;
				SDKROOT = iphoneos;
				SWIFT_ACTIVE_COMPILATION_CONDITIONS = DEBUG;
				SWIFT_OPTIMIZATION_LEVEL = "-Onone";
			};
			name = Debug;
		};
		900E46912949F9CD0040983A /* Release */ = {
			isa = XCBuildConfiguration;
			buildSettings = {
				ALWAYS_SEARCH_USER_PATHS = NO;
				CLANG_ANALYZER_NONNULL = YES;
				CLANG_ANALYZER_NUMBER_OBJECT_CONVERSION = YES_AGGRESSIVE;
				CLANG_CXX_LANGUAGE_STANDARD = "gnu++20";
				CLANG_ENABLE_MODULES = YES;
				CLANG_ENABLE_OBJC_ARC = YES;
				CLANG_ENABLE_OBJC_WEAK = YES;
				CLANG_WARN_BLOCK_CAPTURE_AUTORELEASING = YES;
				CLANG_WARN_BOOL_CONVERSION = YES;
				CLANG_WARN_COMMA = YES;
				CLANG_WARN_CONSTANT_CONVERSION = YES;
				CLANG_WARN_DEPRECATED_OBJC_IMPLEMENTATIONS = YES;
				CLANG_WARN_DIRECT_OBJC_ISA_USAGE = YES_ERROR;
				CLANG_WARN_DOCUMENTATION_COMMENTS = YES;
				CLANG_WARN_EMPTY_BODY = YES;
				CLANG_WARN_ENUM_CONVERSION = YES;
				CLANG_WARN_INFINITE_RECURSION = YES;
				CLANG_WARN_INT_CONVERSION = YES;
				CLANG_WARN_NON_LITERAL_NULL_CONVERSION = YES;
				CLANG_WARN_OBJC_IMPLICIT_RETAIN_SELF = YES;
				CLANG_WARN_OBJC_LITERAL_CONVERSION = YES;
				CLANG_WARN_OBJC_ROOT_CLASS = YES_ERROR;
				CLANG_WARN_QUOTED_INCLUDE_IN_FRAMEWORK_HEADER = YES;
				CLANG_WARN_RANGE_LOOP_ANALYSIS = YES;
				CLANG_WARN_STRICT_PROTOTYPES = YES;
				CLANG_WARN_SUSPICIOUS_MOVE = YES;
				CLANG_WARN_UNGUARDED_AVAILABILITY = YES_AGGRESSIVE;
				CLANG_WARN_UNREACHABLE_CODE = YES;
				CLANG_WARN__DUPLICATE_METHOD_MATCH = YES;
				COPY_PHASE_STRIP = NO;
				DEBUG_INFORMATION_FORMAT = "dwarf-with-dsym";
				ENABLE_NS_ASSERTIONS = NO;
				ENABLE_STRICT_OBJC_MSGSEND = YES;
				GCC_C_LANGUAGE_STANDARD = gnu11;
				GCC_NO_COMMON_BLOCKS = YES;
				GCC_WARN_64_TO_32_BIT_CONVERSION = YES;
				GCC_WARN_ABOUT_RETURN_TYPE = YES_ERROR;
				GCC_WARN_UNDECLARED_SELECTOR = YES;
				GCC_WARN_UNINITIALIZED_AUTOS = YES_AGGRESSIVE;
				GCC_WARN_UNUSED_FUNCTION = YES;
				GCC_WARN_UNUSED_VARIABLE = YES;
				IPHONEOS_DEPLOYMENT_TARGET = 16.1;
				MTL_ENABLE_DEBUG_INFO = NO;
				MTL_FAST_MATH = YES;
				SDKROOT = iphoneos;
				SWIFT_COMPILATION_MODE = wholemodule;
				SWIFT_OPTIMIZATION_LEVEL = "-O";
				VALIDATE_PRODUCT = YES;
			};
			name = Release;
		};
		900E46932949F9CD0040983A /* Debug */ = {
			isa = XCBuildConfiguration;
			buildSettings = {
				ASSETCATALOG_COMPILER_APPICON_NAME = AppIcon;
				ASSETCATALOG_COMPILER_GLOBAL_ACCENT_COLOR_NAME = AccentColor;
				CODE_SIGN_STYLE = Automatic;
				CURRENT_PROJECT_VERSION = 1;
				DEVELOPMENT_TEAM = GDKDK6KP5Z;
				GENERATE_INFOPLIST_FILE = YES;
				INFOPLIST_FILE = BankManagerUIApp/Resources/Info.plist;
				INFOPLIST_KEY_UIApplicationSupportsIndirectInputEvents = YES;
				INFOPLIST_KEY_UILaunchStoryboardName = LaunchScreen;
				INFOPLIST_KEY_UISupportedInterfaceOrientations_iPad = "UIInterfaceOrientationPortrait UIInterfaceOrientationPortraitUpsideDown UIInterfaceOrientationLandscapeLeft UIInterfaceOrientationLandscapeRight";
				INFOPLIST_KEY_UISupportedInterfaceOrientations_iPhone = "UIInterfaceOrientationPortrait UIInterfaceOrientationLandscapeLeft UIInterfaceOrientationLandscapeRight";
				LD_RUNPATH_SEARCH_PATHS = (
					"$(inherited)",
					"@executable_path/Frameworks",
				);
				MARKETING_VERSION = 1.0;
				PRODUCT_BUNDLE_IDENTIFIER = com.yagom.bankmanager.BankManagerUIApp;
				PRODUCT_NAME = "$(TARGET_NAME)";
				SWIFT_EMIT_LOC_STRINGS = YES;
				SWIFT_VERSION = 5.0;
				TARGETED_DEVICE_FAMILY = "1,2";
			};
			name = Debug;
		};
		900E46942949F9CD0040983A /* Release */ = {
			isa = XCBuildConfiguration;
			buildSettings = {
				ASSETCATALOG_COMPILER_APPICON_NAME = AppIcon;
				ASSETCATALOG_COMPILER_GLOBAL_ACCENT_COLOR_NAME = AccentColor;
				CODE_SIGN_STYLE = Automatic;
				CURRENT_PROJECT_VERSION = 1;
				DEVELOPMENT_TEAM = GDKDK6KP5Z;
				GENERATE_INFOPLIST_FILE = YES;
				INFOPLIST_FILE = BankManagerUIApp/Resources/Info.plist;
				INFOPLIST_KEY_UIApplicationSupportsIndirectInputEvents = YES;
				INFOPLIST_KEY_UILaunchStoryboardName = LaunchScreen;
				INFOPLIST_KEY_UISupportedInterfaceOrientations_iPad = "UIInterfaceOrientationPortrait UIInterfaceOrientationPortraitUpsideDown UIInterfaceOrientationLandscapeLeft UIInterfaceOrientationLandscapeRight";
				INFOPLIST_KEY_UISupportedInterfaceOrientations_iPhone = "UIInterfaceOrientationPortrait UIInterfaceOrientationLandscapeLeft UIInterfaceOrientationLandscapeRight";
				LD_RUNPATH_SEARCH_PATHS = (
					"$(inherited)",
					"@executable_path/Frameworks",
				);
				MARKETING_VERSION = 1.0;
				PRODUCT_BUNDLE_IDENTIFIER = com.yagom.bankmanager.BankManagerUIApp;
				PRODUCT_NAME = "$(TARGET_NAME)";
				SWIFT_EMIT_LOC_STRINGS = YES;
				SWIFT_VERSION = 5.0;
				TARGETED_DEVICE_FAMILY = "1,2";
			};
			name = Release;
		};
/* End XCBuildConfiguration section */

/* Begin XCConfigurationList section */
		900E46792949F9CD0040983A /* Build configuration list for PBXProject "BankManagerUIApp" */ = {
			isa = XCConfigurationList;
			buildConfigurations = (
				900E46902949F9CD0040983A /* Debug */,
				900E46912949F9CD0040983A /* Release */,
			);
			defaultConfigurationIsVisible = 0;
			defaultConfigurationName = Release;
		};
		900E46922949F9CD0040983A /* Build configuration list for PBXNativeTarget "BankManagerUIApp" */ = {
			isa = XCConfigurationList;
			buildConfigurations = (
				900E46932949F9CD0040983A /* Debug */,
				900E46942949F9CD0040983A /* Release */,
			);
			defaultConfigurationIsVisible = 0;
			defaultConfigurationName = Release;
		};
/* End XCConfigurationList section */
	};
	rootObject = 900E46762949F9CD0040983A /* Project object */;
}
